
Microsoft Visual Studio Solution File, Format Version 12.00
# Visual Studio 15
VisualStudioVersion = 15.0.28307.1500
MinimumVisualStudioVersion = 10.0.40219.1
Project("{FAE04EC0-301F-11D3-BF4B-00C04F79EFBC}") = "appID patcher", "appID patcher.csproj", "{6B33D2A6-70BA-4A53-BD35-25A63008E3A7}"
EndProject
Global
	GlobalSection(SolutionConfigurationPlatforms) = preSolution
		Debug|Any CPU = Debug|Any CPU
		Release|Any CPU = Release|Any CPU
	EndGlobalSection
	GlobalSection(ProjectConfigurationPlatforms) = postSolution
		{6B33D2A6-70BA-4A53-BD35-25A63008E3A7}.Debug|Any CPU.ActiveCfg = Debug|Any CPU
		{6B33D2A6-70BA-4A53-BD35-25A63008E3A7}.Debug|Any CPU.Build.0 = Debug|Any CPU
		{6B33D2A6-70BA-4A53-BD35-25A63008E3A7}.Release|Any CPU.ActiveCfg = Release|Any CPU
		{6B33D2A6-70BA-4A53-BD35-25A63008E3A7}.Release|Any CPU.Build.0 = Release|Any CPU
	EndGlobalSection
	GlobalSection(SolutionProperties) = preSolution
		HideSolutionNode = FALSE
	EndGlobalSection
	GlobalSection(ExtensibilityGlobals) = postSolution
		SolutionGuid = {14451D56-80EE-4A2B-91D3-6F281BDF6E70}
	EndGlobalSection
EndGlobal
